// !$*UTF8*$!
{
	archiveVersion = 1;
	classes = {
	};
	objectVersion = 46;
	objects = {

/* Begin PBXBuildFile section */
		C19E97B11E5FC0A900A2461F /* AppDelegate.swift in Sources */ = {isa = PBXBuildFile; fileRef = C19E97B01E5FC0A900A2461F /* AppDelegate.swift */; };
		C19E97B31E5FC0A900A2461F /* ViewController.swift in Sources */ = {isa = PBXBuildFile; fileRef = C19E97B21E5FC0A900A2461F /* ViewController.swift */; };
		C19E97B61E5FC0A900A2461F /* Main.storyboard in Resources */ = {isa = PBXBuildFile; fileRef = C19E97B41E5FC0A900A2461F /* Main.storyboard */; };
		C19E97B81E5FC0A900A2461F /* Assets.xcassets in Resources */ = {isa = PBXBuildFile; fileRef = C19E97B71E5FC0A900A2461F /* Assets.xcassets */; };
		C19E97BB1E5FC0A900A2461F /* LaunchScreen.storyboard in Resources */ = {isa = PBXBuildFile; fileRef = C19E97B91E5FC0A900A2461F /* LaunchScreen.storyboard */; };
		C1F5392B1E623CD2000750A2 /* CalculatorBrain.swift in Sources */ = {isa = PBXBuildFile; fileRef = C1F5392A1E623CD2000750A2 /* CalculatorBrain.swift */; };
/* End PBXBuildFile section */

/* Begin PBXFileReference section */
		C19E97AD1E5FC0A900A2461F /* Calculator3.app */ = {isa = PBXFileReference; explicitFileType = wrapper.application; includeInIndex = 0; path = Calculator3.app; sourceTree = BUILT_PRODUCTS_DIR; };
		C19E97B01E5FC0A900A2461F /* AppDelegate.swift */ = {isa = PBXFileReference; lastKnownFileType = sourcecode.swift; path = AppDelegate.swift; sourceTree = "<group>"; };
		C19E97B21E5FC0A900A2461F /* ViewController.swift */ = {isa = PBXFileReference; lastKnownFileType = sourcecode.swift; path = ViewController.swift; sourceTree = "<group>"; };
		C19E97B51E5FC0A900A2461F /* Base */ = {isa = PBXFileReference; lastKnownFileType = file.storyboard; name = Base; path = Base.lproj/Main.storyboard; sourceTree = "<group>"; };
		C19E97B71E5FC0A900A2461F /* Assets.xcassets */ = {isa = PBXFileReference; lastKnownFileType = folder.assetcatalog; path = Assets.xcassets; sourceTree = "<group>"; };
		C19E97BA1E5FC0A900A2461F /* Base */ = {isa = PBXFileReference; lastKnownFileType = file.storyboard; name = Base; path = Base.lproj/LaunchScreen.storyboard; sourceTree = "<group>"; };
		C19E97BC1E5FC0A900A2461F /* Info.plist */ = {isa = PBXFileReference; lastKnownFileType = text.plist.xml; path = Info.plist; sourceTree = "<group>"; };
		C1F5392A1E623CD2000750A2 /* CalculatorBrain.swift */ = {isa = PBXFileReference; fileEncoding = 4; lastKnownFileType = sourcecode.swift; path = CalculatorBrain.swift; sourceTree = "<group>"; };
/* End PBXFileReference section */

/* Begin PBXFrameworksBuildPhase section */
		C19E97AA1E5FC0A900A2461F /* Frameworks */ = {
			isa = PBXFrameworksBuildPhase;
			buildActionMask = 2147483647;
			files = (
			);
			runOnlyForDeploymentPostprocessing = 0;
		};
/* End PBXFrameworksBuildPhase section */

/* Begin PBXGroup section */
		C19E97A41E5FC0A900A2461F = {
			isa = PBXGroup;
			children = (
				C19E97AF1E5FC0A900A2461F /* Calculator3 */,
				C19E97AE1E5FC0A900A2461F /* Products */,
			);
			sourceTree = "<group>";
		};
		C19E97AE1E5FC0A900A2461F /* Products */ = {
			isa = PBXGroup;
			children = (
				C19E97AD1E5FC0A900A2461F /* Calculator3.app */,
			);
			name = Products;
			sourceTree = "<group>";
		};
		C19E97AF1E5FC0A900A2461F /* Calculator3 */ = {
			isa = PBXGroup;
			children = (
				C19E97B21E5FC0A900A2461F /* ViewController.swift */,
				C1F5392A1E623CD2000750A2 /* CalculatorBrain.swift */,
				C19E97B41E5FC0A900A2461F /* Main.storyboard */,
				C19E97C21E60DE9000A2461F /* Supporting Files */,
			);
			path = Calculator3;
			sourceTree = "<group>";
		};
		C19E97C21E60DE9000A2461F /* Supporting Files */ = {
			isa = PBXGroup;
			children = (
				C19E97B01E5FC0A900A2461F /* AppDelegate.swift */,
				C19E97B71E5FC0A900A2461F /* Assets.xcassets */,
				C19E97B91E5FC0A900A2461F /* LaunchScreen.storyboard */,
				C19E97BC1E5FC0A900A2461F /* Info.plist */,
			);
			name = "Supporting Files";
			sourceTree = "<group>";
		};
/* End PBXGroup section */

/* Begin PBXNativeTarget section */
		C19E97AC1E5FC0A900A2461F /* Calculator3 */ = {
			isa = PBXNativeTarget;
			buildConfigurationList = C19E97BF1E5FC0A900A2461F /* Build configuration list for PBXNativeTarget "Calculator3" */;
			buildPhases = (
				C19E97A91E5FC0A900A2461F /* Sources */,
				C19E97AA1E5FC0A900A2461F /* Frameworks */,
				C19E97AB1E5FC0A900A2461F /* Resources */,
			);
			buildRules = (
			);
			dependencies = (
			);
			name = Calculator3;
			productName = Calculator3;
			productReference = C19E97AD1E5FC0A900A2461F /* Calculator3.app */;
			productType = "com.apple.product-type.application";
		};
/* End PBXNativeTarget section */

/* Begin PBXProject section */
		C19E97A51E5FC0A900A2461F /* Project object */ = {
			isa = PBXProject;
			attributes = {
				LastSwiftUpdateCheck = 0820;
				LastUpgradeCheck = 0820;
				ORGANIZATIONNAME = "Marta Malapitan";
				TargetAttributes = {
					C19E97AC1E5FC0A900A2461F = {
						CreatedOnToolsVersion = 8.2.1;
						DevelopmentTeam = 6WA6Y7KBQJ;
						ProvisioningStyle = Automatic;
					};
				};
			};
			buildConfigurationList = C19E97A81E5FC0A900A2461F /* Build configuration list for PBXProject "Calculator3" */;
			compatibilityVersion = "Xcode 3.2";
			developmentRegion = English;
			hasScannedForEncodings = 0;
			knownRegions = (
				en,
				Base,
			);
			mainGroup = C19E97A41E5FC0A900A2461F;
			productRefGroup = C19E97AE1E5FC0A900A2461F /* Products */;
			projectDirPath = "";
			projectRoot = "";
			targets = (
				C19E97AC1E5FC0A900A2461F /* Calculator3 */,
			);
		};
/* End PBXProject section */

/* Begin PBXResourcesBuildPhase section */
		C19E97AB1E5FC0A900A2461F /* Resources */ = {
			isa = PBXResourcesBuildPhase;
			buildActionMask = 2147483647;
			files = (
				C19E97BB1E5FC0A900A2461F /* LaunchScreen.storyboard in Resources */,
				C19E97B81E5FC0A900A2461F /* Assets.xcassets in Resources */,
				C19E97B61E5FC0A900A2461F /* Main.storyboard in Resources */,
			);
			runOnlyForDeploymentPostprocessing = 0;
		};
/* End PBXResourcesBuildPhase section */

/* Begin PBXSourcesBuildPhase section */
		C19E97A91E5FC0A900A2461F /* Sources */ = {
			isa = PBXSourcesBuildPhase;
			buildActionMask = 2147483647;
			files = (
				C1F5392B1E623CD2000750A2 /* CalculatorBrain.swift in Sources */,
				C19E97B31E5FC0A900A2461F /* ViewController.swift in Sources */,
				C19E97B11E5FC0A900A2461F /* AppDelegate.swift in Sources */,
			);
			runOnlyForDeploymentPostprocessing = 0;
		};
/* End PBXSourcesBuildPhase section */

/* Begin PBXVariantGroup section */
		C19E97B41E5FC0A900A2461F /* Main.storyboard */ = {
			isa = PBXVariantGroup;
			children = (
				C19E97B51E5FC0A900A2461F /* Base */,
			);
			name = Main.storyboard;
			sourceTree = "<group>";
		};
		C19E97B91E5FC0A900A2461F /* LaunchScreen.storyboard */ = {
			isa = PBXVariantGroup;
			children = (
				C19E97BA1E5FC0A900A2461F /* Base */,
			);
			name = LaunchScreen.storyboard;
			sourceTree = "<group>";
		};
/* End PBXVariantGroup section */

/* Begin XCBuildConfiguration section */
		C19E97BD1E5FC0A900A2461F /* Debug */ = {
			isa = XCBuildConfiguration;
			buildSettings = {
				ALWAYS_SEARCH_USER_PATHS = NO;
				CLANG_ANALYZER_NONNULL = YES;
				CLANG_CXX_LANGUAGE_STANDARD = "gnu++0x";
				CLANG_CXX_LIBRARY = "libc++";
				CLANG_ENABLE_MODULES = YES;
				CLANG_ENABLE_OBJC_ARC = YES;
				CLANG_WARN_BOOL_CONVERSION = YES;
				CLANG_WARN_CONSTANT_CONVERSION = YES;
				CLANG_WARN_DIRECT_OBJC_ISA_USAGE = YES_ERROR;
				CLANG_WARN_DOCUMENTATION_COMMENTS = YES;
				CLANG_WARN_EMPTY_BODY = YES;
				CLANG_WARN_ENUM_CONVERSION = YES;
				CLANG_WARN_INFINITE_RECURSION = YES;
				CLANG_WARN_INT_CONVERSION = YES;
				CLANG_WARN_OBJC_ROOT_CLASS = YES_ERROR;
				CLANG_WARN_SUSPICIOUS_MOVE = YES;
				CLANG_WARN_UNREACHABLE_CODE = YES;
				CLANG_WARN__DUPLICATE_METHOD_MATCH = YES;
				"CODE_SIGN_IDENTITY[sdk=iphoneos*]" = "iPhone Developer";
				COPY_PHASE_STRIP = NO;
				DEBUG_INFORMATION_FORMAT = dwarf;
				ENABLE_STRICT_OBJC_MSGSEND = YES;
				ENABLE_TESTABILITY = YES;
				GCC_C_LANGUAGE_STANDARD = gnu99;
				GCC_DYNAMIC_NO_PIC = NO;
				GCC_NO_COMMON_BLOCKS = YES;
				GCC_OPTIMIZATION_LEVEL = 0;
				GCC_PREPROCESSOR_DEFINITIONS = (
					"DEBUG=1",
					"$(inherited)",
				);
				GCC_WARN_64_TO_32_BIT_CONVERSION = YES;
				GCC_WARN_ABOUT_RETURN_TYPE = YES_ERROR;
				GCC_WARN_UNDECLARED_SELECTOR = YES;
				GCC_WARN_UNINITIALIZED_AUTOS = YES_AGGRESSIVE;
				GCC_WARN_UNUSED_FUNCTION = YES;
				GCC_WARN_UNUSED_VARIABLE = YES;
				IPHONEOS_DEPLOYMENT_TARGET = 10.2;
				MTL_ENABLE_DEBUG_INFO = YES;
				ONLY_ACTIVE_ARCH = YES;
				SDKROOT = iphoneos;
				SWIFT_ACTIVE_COMPILATION_CONDITIONS = DEBUG;
				SWIFT_OPTIMIZATION_LEVEL = "-Onone";
				TARGETED_DEVICE_FAMILY = "1,2";
			};
			name = Debug;
		};
		C19E97BE1E5FC0A900A2461F /* Release */ = {
			isa = XCBuildConfiguration;
			buildSettings = {
				ALWAYS_SEARCH_USER_PATHS = NO;
				CLANG_ANALYZER_NONNULL = YES;
				CLANG_CXX_LANGUAGE_STANDARD = "gnu++0x";
				CLANG_CXX_LIBRARY = "libc++";
				CLANG_ENABLE_MODULES = YES;
				CLANG_ENABLE_OBJC_ARC = YES;
				CLANG_WARN_BOOL_CONVERSION = YES;
				CLANG_WARN_CONSTANT_CONVERSION = YES;
				CLANG_WARN_DIRECT_OBJC_ISA_USAGE = YES_ERROR;
				CLANG_WARN_DOCUMENTATION_COMMENTS = YES;
				CLANG_WARN_EMPTY_BODY = YES;
				CLANG_WARN_ENUM_CONVERSION = YES;
				CLANG_WARN_INFINITE_RECURSION = YES;
				CLANG_WARN_INT_CONVERSION = YES;
				CLANG_WARN_OBJC_ROOT_CLASS = YES_ERROR;
				CLANG_WARN_SUSPICIOUS_MOVE = YES;
				CLANG_WARN_UNREACHABLE_CODE = YES;
				CLANG_WARN__DUPLICATE_METHOD_MATCH = YES;
				"CODE_SIGN_IDENTITY[sdk=iphoneos*]" = "iPhone Developer";
				COPY_PHASE_STRIP = NO;
				DEBUG_INFORMATION_FORMAT = "dwarf-with-dsym";
				ENABLE_NS_ASSERTIONS = NO;
				ENABLE_STRICT_OBJC_MSGSEND = YES;
				GCC_C_LANGUAGE_STANDARD = gnu99;
				GCC_NO_COMMON_BLOCKS = YES;
				GCC_WARN_64_TO_32_BIT_CONVERSION = YES;
				GCC_WARN_ABOUT_RETURN_TYPE = YES_ERROR;
				GCC_WARN_UNDECLARED_SELECTOR = YES;
				GCC_WARN_UNINITIALIZED_AUTOS = YES_AGGRESSIVE;
				GCC_WARN_UNUSED_FUNCTION = YES;
				GCC_WARN_UNUSED_VARIABLE = YES;
				IPHONEOS_DEPLOYMENT_TARGET = 10.2;
				MTL_ENABLE_DEBUG_INFO = NO;
				SDKROOT = iphoneos;
				SWIFT_OPTIMIZATION_LEVEL = "-Owholemodule";
				TARGETED_DEVICE_FAMILY = "1,2";
				VALIDATE_PRODUCT = YES;
			};
			name = Release;
		};
		C19E97C01E5FC0A900A2461F /* Debug */ = {
			isa = XCBuildConfiguration;
			buildSettings = {
				ASSETCATALOG_COMPILER_APPICON_NAME = AppIcon;
				DEVELOPMENT_TEAM = 6WA6Y7KBQJ;
				INFOPLIST_FILE = Calculator3/Info.plist;
				LD_RUNPATH_SEARCH_PATHS = "$(inherited) @executable_path/Frameworks";
				PRODUCT_BUNDLE_IDENTIFIER = marta.malapitan.Calculator3;
				PRODUCT_NAME = "$(TARGET_NAME)";
				SWIFT_VERSION = 3.0;
			};
			name = Debug;
		};
		C19E97C11E5FC0A900A2461F /* Release */ = {
			isa = XCBuildConfiguration;
			buildSettings = {
				ASSETCATALOG_COMPILER_APPICON_NAME = AppIcon;
				DEVELOPMENT_TEAM = 6WA6Y7KBQJ;
				INFOPLIST_FILE = Calculator3/Info.plist;
				LD_RUNPATH_SEARCH_PATHS = "$(inherited) @executable_path/Frameworks";
				PRODUCT_BUNDLE_IDENTIFIER = marta.malapitan.Calculator3;
				PRODUCT_NAME = "$(TARGET_NAME)";
				SWIFT_VERSION = 3.0;
			};
			name = Release;
		};
/* End XCBuildConfiguration section */

/* Begin XCConfigurationList section */
		C19E97A81E5FC0A900A2461F /* Build configuration list for PBXProject "Calculator3" */ = {
			isa = XCConfigurationList;
			buildConfigurations = (
				C19E97BD1E5FC0A900A2461F /* Debug */,
				C19E97BE1E5FC0A900A2461F /* Release */,
			);
			defaultConfigurationIsVisible = 0;
			defaultConfigurationName = Release;
		};
		C19E97BF1E5FC0A900A2461F /* Build configuration list for PBXNativeTarget "Calculator3" */ = {
			isa = XCConfigurationList;
			buildConfigurations = (
				C19E97C01E5FC0A900A2461F /* Debug */,
				C19E97C11E5FC0A900A2461F /* Release */,
			);
			defaultConfigurationIsVisible = 0;
			defaultConfigurationName = Release;
		};
/* End XCConfigurationList section */
	};
	rootObject = C19E97A51E5FC0A900A2461F /* Project object */;
}
